hash: c0ca973e999a2549a3f10ece7c5722adbab982ffd49187ce80c71d8b81748bf4
updated: 2016-08-31T15:00:54.041948779-07:00
imports:
- name: github.com/crufter/copyrecur
  version: c927f40d072603b07779128116db68f40bf410d2
- name: github.com/hashicorp/go-multierror
  version: 8c5f0ad9360406a3807ce7de6bc73269a91a6e51
- name: github.com/hashicorp/hcl
  version: baeb59c710717b06aac1dbe2270e8192ec593244
  subpackages:
  - hcl/ast
  - hcl/parser
  - hcl/token
  - json/parser
  - hcl/scanner
  - hcl/strconv
  - json/scanner
  - json/token
testImports: []
